Microsoft Visual Studio Solution File, Format Version 12.00
# Visual Studio Version 17
VisualStudioVersion = 17.5.2.0
MinimumVisualStudioVersion = 10.0.40219.1
Project("{FAE04EC0-301F-11D3-BF4B-00C04F79EFBC}") = "OperadorTernario", "OperadorTernario.csproj", "{A1682134-6ED4-3313-1796-F3255200819B}"
EndProject
Global
	GlobalSection(SolutionConfigurationPlatforms) = preSolution
		Debug|Any CPU = Debug|Any CPU
		Release|Any CPU = Release|Any CPU
	EndGlobalSection
	GlobalSection(ProjectConfigurationPlatforms) = postSolution
		{A1682134-6ED4-3313-1796-F3255200819B}.Debug|Any CPU.ActiveCfg = Debug|Any CPU
		{A1682134-6ED4-3313-1796-F3255200819B}.Debug|Any CPU.Build.0 = Debug|Any CPU
		{A1682134-6ED4-3313-1796-F3255200819B}.Release|Any CPU.ActiveCfg = Release|Any CPU
		{A1682134-6ED4-3313-1796-F3255200819B}.Release|Any CPU.Build.0 = Release|Any CPU
	EndGlobalSection
	GlobalSection(SolutionProperties) = preSolution
		HideSolutionNode = FALSE
	EndGlobalSection
	GlobalSection(ExtensibilityGlobals) = postSolution
		SolutionGuid = {63DB0001-F271-4D9C-AA20-C800E1DC1719}
	EndGlobalSection
EndGlobal
