Microsoft Visual Studio Solution File, Format Version 12.00
# Visual Studio Version 17
VisualStudioVersion = 17.5.2.0
MinimumVisualStudioVersion = 10.0.40219.1
Project("{FAE04EC0-301F-11D3-BF4B-00C04F79EFBC}") = "EstruturaCondicionalSwitch", "EstruturaCondicionalSwitch.csproj", "{8A49E24F-7FDE-B83C-A690-B1AE6F78B507}"
EndProject
Global
	GlobalSection(SolutionConfigurationPlatforms) = preSolution
		Debug|Any CPU = Debug|Any CPU
		Release|Any CPU = Release|Any CPU
	EndGlobalSection
	GlobalSection(ProjectConfigurationPlatforms) = postSolution
		{8A49E24F-7FDE-B83C-A690-B1AE6F78B507}.Debug|Any CPU.ActiveCfg = Debug|Any CPU
		{8A49E24F-7FDE-B83C-A690-B1AE6F78B507}.Debug|Any CPU.Build.0 = Debug|Any CPU
		{8A49E24F-7FDE-B83C-A690-B1AE6F78B507}.Release|Any CPU.ActiveCfg = Release|Any CPU
		{8A49E24F-7FDE-B83C-A690-B1AE6F78B507}.Release|Any CPU.Build.0 = Release|Any CPU
	EndGlobalSection
	GlobalSection(SolutionProperties) = preSolution
		HideSolutionNode = FALSE
	EndGlobalSection
	GlobalSection(ExtensibilityGlobals) = postSolution
		SolutionGuid = {8F256DA1-DEBE-4AA7-82F1-6EF2EB568AF6}
	EndGlobalSection
EndGlobal
