Microsoft Visual Studio Solution File, Format Version 12.00
# Visual Studio Version 17
VisualStudioVersion = 17.5.2.0
MinimumVisualStudioVersion = 10.0.40219.1
Project("{FAE04EC0-301F-11D3-BF4B-00C04F79EFBC}") = "CSharpLINQFiltros", "CSharpLINQFiltros.csproj", "{7A96E2E8-E4D3-8761-E65C-888BFBE1D370}"
EndProject
Global
	GlobalSection(SolutionConfigurationPlatforms) = preSolution
		Debug|Any CPU = Debug|Any CPU
		Release|Any CPU = Release|Any CPU
	EndGlobalSection
	GlobalSection(ProjectConfigurationPlatforms) = postSolution
		{7A96E2E8-E4D3-8761-E65C-888BFBE1D370}.Debug|Any CPU.ActiveCfg = Debug|Any CPU
		{7A96E2E8-E4D3-8761-E65C-888BFBE1D370}.Debug|Any CPU.Build.0 = Debug|Any CPU
		{7A96E2E8-E4D3-8761-E65C-888BFBE1D370}.Release|Any CPU.ActiveCfg = Release|Any CPU
		{7A96E2E8-E4D3-8761-E65C-888BFBE1D370}.Release|Any CPU.Build.0 = Release|Any CPU
	EndGlobalSection
	GlobalSection(SolutionProperties) = preSolution
		HideSolutionNode = FALSE
	EndGlobalSection
	GlobalSection(ExtensibilityGlobals) = postSolution
		SolutionGuid = {242E91F8-ADC3-4A3F-98FD-DF4629891F53}
	EndGlobalSection
EndGlobal
